
Microsoft Visual Studio Solution File, Format Version 12.00
# Visual Studio Version 16
VisualStudioVersion = 16.0.30204.135
MinimumVisualStudioVersion = 10.0.40219.1
Project("{FAE04EC0-301F-11D3-BF4B-00C04F79EFBC}") = "PetHouseDockerEg", "PetHouseDockerEg.csproj", "{BF98847B-BDAC-48B3-9ED0-82201BE4B73D}"
EndProject
Global
	GlobalSection(SolutionConfigurationPlatforms) = preSolution
		Debug|Any CPU = Debug|Any CPU
		Release|Any CPU = Release|Any CPU
	EndGlobalSection
	GlobalSection(ProjectConfigurationPlatforms) = postSolution
		{BF98847B-BDAC-48B3-9ED0-82201BE4B73D}.Debug|Any CPU.ActiveCfg = Debug|Any CPU
		{BF98847B-BDAC-48B3-9ED0-82201BE4B73D}.Debug|Any CPU.Build.0 = Debug|Any CPU
		{BF98847B-BDAC-48B3-9ED0-82201BE4B73D}.Release|Any CPU.ActiveCfg = Release|Any CPU
		{BF98847B-BDAC-48B3-9ED0-82201BE4B73D}.Release|Any CPU.Build.0 = Release|Any CPU
	EndGlobalSection
	GlobalSection(SolutionProperties) = preSolution
		HideSolutionNode = FALSE
	EndGlobalSection
	GlobalSection(ExtensibilityGlobals) = postSolution
		SolutionGuid = {BD57F89B-5769-45D8-8D4D-458BE4B6D42B}
	EndGlobalSection
EndGlobal
